
Microsoft Visual Studio Solution File, Format Version 12.00
# Visual Studio Version 16
VisualStudioVersion = 16.0.30002.166
MinimumVisualStudioVersion = 10.0.40219.1
Project("{FAE04EC0-301F-11D3-BF4B-00C04F79EFBC}") = "Tabulate", "Tabulate\Tabulate.csproj", "{2A536002-2877-4991-80AE-94642E520DF2}"
EndProject
Project("{2150E333-8FDC-42A3-9474-1A3956D46DE8}") = "Solution Items", "Solution Items", "{A8130851-5E56-4AEE-94D1-C64C12EE40E6}"
	ProjectSection(SolutionItems) = preProject
		.gitignore = .gitignore
		appveyor.yml = appveyor.yml
		azure-pipelines_dev.yml = azure-pipelines_dev.yml
		azure-pipelines_rtm.yml = azure-pipelines_rtm.yml
		BuildPackage\Build.bat = BuildPackage\Build.bat
		BuildPackage\LocalBuild.bat = BuildPackage\LocalBuild.bat
		BuildPackage\package.nuspec = BuildPackage\package.nuspec
		BuildPackage\package.proj = BuildPackage\package.proj
		BuildPackage\Package.xml = BuildPackage\Package.xml
		README.md = README.md
	EndProjectSection
EndProject
Project("{F184B08F-C81C-45F6-A57F-5ABD9991F28F}") = "Tabulate.Site", "Tabulate.Site\Tabulate.Site.vbproj", "{470B257E-82D9-4C47-A89B-05DFEC6019AE}"
	ProjectSection(ProjectDependencies) = postProject
		{2A536002-2877-4991-80AE-94642E520DF2} = {2A536002-2877-4991-80AE-94642E520DF2}
	EndProjectSection
EndProject
Global
	GlobalSection(SolutionConfigurationPlatforms) = preSolution
		Debug|Any CPU = Debug|Any CPU
		Release|Any CPU = Release|Any CPU
	EndGlobalSection
	GlobalSection(ProjectConfigurationPlatforms) = postSolution
		{2A536002-2877-4991-80AE-94642E520DF2}.Debug|Any CPU.ActiveCfg = Debug|Any CPU
		{2A536002-2877-4991-80AE-94642E520DF2}.Debug|Any CPU.Build.0 = Debug|Any CPU
		{2A536002-2877-4991-80AE-94642E520DF2}.Release|Any CPU.ActiveCfg = Release|Any CPU
		{2A536002-2877-4991-80AE-94642E520DF2}.Release|Any CPU.Build.0 = Release|Any CPU
		{470B257E-82D9-4C47-A89B-05DFEC6019AE}.Debug|Any CPU.ActiveCfg = Debug|Any CPU
		{470B257E-82D9-4C47-A89B-05DFEC6019AE}.Debug|Any CPU.Build.0 = Debug|Any CPU
		{470B257E-82D9-4C47-A89B-05DFEC6019AE}.Release|Any CPU.ActiveCfg = Release|Any CPU
		{470B257E-82D9-4C47-A89B-05DFEC6019AE}.Release|Any CPU.Build.0 = Release|Any CPU
	EndGlobalSection
	GlobalSection(SolutionProperties) = preSolution
		HideSolutionNode = FALSE
	EndGlobalSection
	GlobalSection(ExtensibilityGlobals) = postSolution
		SolutionGuid = {28C985D2-9965-4355-BDB7-CE6FB566353D}
	EndGlobalSection
EndGlobal
