
Microsoft Visual Studio Solution File, Format Version 12.00
# Visual Studio Version 17
VisualStudioVersion = 17.5.33312.197
MinimumVisualStudioVersion = 10.0.40219.1
Project("{2150E333-8FDC-42A3-9474-1A3956D46DE8}") = "Solution Items", "Solution Items", "{A8130851-5E56-4AEE-94D1-C64C12EE40E6}"
	ProjectSection(SolutionItems) = preProject
		.editorconfig = .editorconfig
		.gitignore = .gitignore
		.globalconfig = .globalconfig
		azure-pipelines.yml = azure-pipelines.yml
		Directory.Build.props = Directory.Build.props
		global.json = global.json
		LICENSE.md = LICENSE.md
		NuGet.config = NuGet.config
		README.md = README.md
		umbraco-marketplace.json = umbraco-marketplace.json
		version.json = version.json
	EndProjectSection
EndProject
Project("{FAE04EC0-301F-11D3-BF4B-00C04F79EFBC}") = "Tabulate", "src\Tabulate\Tabulate.csproj", "{C9F68867-754F-4F45-AB0B-1C24C16D98F6}"
EndProject
Project("{9A19103F-16F7-4668-BE54-9A1E7A4F7556}") = "Tabulate.Site", "Tabulate.Site\Tabulate.Site.csproj", "{93480576-E40F-45CB-AA2B-A75AC001291F}"
EndProject
Global
	GlobalSection(SolutionConfigurationPlatforms) = preSolution
		Debug|Any CPU = Debug|Any CPU
		Release|Any CPU = Release|Any CPU
	EndGlobalSection
	GlobalSection(ProjectConfigurationPlatforms) = postSolution
		{C9F68867-754F-4F45-AB0B-1C24C16D98F6}.Debug|Any CPU.ActiveCfg = Debug|Any CPU
		{C9F68867-754F-4F45-AB0B-1C24C16D98F6}.Debug|Any CPU.Build.0 = Debug|Any CPU
		{C9F68867-754F-4F45-AB0B-1C24C16D98F6}.Release|Any CPU.ActiveCfg = Release|Any CPU
		{C9F68867-754F-4F45-AB0B-1C24C16D98F6}.Release|Any CPU.Build.0 = Release|Any CPU
		{93480576-E40F-45CB-AA2B-A75AC001291F}.Debug|Any CPU.ActiveCfg = Debug|Any CPU
		{93480576-E40F-45CB-AA2B-A75AC001291F}.Debug|Any CPU.Build.0 = Debug|Any CPU
		{93480576-E40F-45CB-AA2B-A75AC001291F}.Release|Any CPU.ActiveCfg = Release|Any CPU
		{93480576-E40F-45CB-AA2B-A75AC001291F}.Release|Any CPU.Build.0 = Release|Any CPU
	EndGlobalSection
	GlobalSection(SolutionProperties) = preSolution
		HideSolutionNode = FALSE
	EndGlobalSection
	GlobalSection(ExtensibilityGlobals) = postSolution
		SolutionGuid = {28C985D2-9965-4355-BDB7-CE6FB566353D}
	EndGlobalSection
EndGlobal
