{
  "version": 1,
  "dependencies": {
    ".NETFramework,Version=v4.7.2": {
      "ClientDependency": {
        "type": "Direct",
        "requested": "[1.9.9, 1.9.9]",
        "resolved": "1.9.9",
        "contentHash": "0Rv6H1FY32BXtaKeR9bKEbFaQ33WWhNprfo8P15vezxfJpVpBRmOBbqLwoTocZfrBIKpq+BfpfGpUD7ekpFKYA=="
      },
      "ClientDependency-Mvc5": {
        "type": "Direct",
        "requested": "[1.9.3, 1.9.3]",
        "resolved": "1.9.3",
        "contentHash": "kp+aIhV92QtWtq9dsCTD0nxebIsdDBDyrIzbKbYZqniRf6ji5R6TjGp8Roty8nh7oeiryp4mjvDxSrmWXLRopg=="
      },
      "CSharpTest.Net.Collections": {
        "type": "Direct",
        "requested": "[14.906.1403.1082, 14.906.1403.1082]",
        "resolved": "14.906.1403.1082",
        "contentHash": "31Pu0wcHG2c814AUVPSzyL/ijcfyvu4S524+uxOhx2d1dRiIJ9eMLLvRWUhhP7F0Q17cvQpnGnZk8+4DhdJPgg=="
      },
      "Examine": {
        "type": "Direct",
        "requested": "[1.0.2, 1.0.2]",
        "resolved": "1.0.2",
        "contentHash": "tpikEhEP+YUi0z6h0XWlh96YTcrZvfTaLAZRP0M5LWMVtN/khr1u3qaKnhwgFUWrehfqIF7VGKwZ2IcOjD0tqg=="
      },
      "HtmlAgilityPack": {
        "type": "Direct",
        "requested": "[1.8.14, 1.8.14]",
        "resolved": "1.8.14",
        "contentHash": "HfQYd6XhNm7I3iF2Ui/KQMUagVGj41JjwBzq170gnuHr4Lc92n577OekCbs9JKMV7kSwtDkL5Hsm6ludFc+B0g=="
      },
      "ImageProcessor": {
        "type": "Direct",
        "requested": "[2.7.0.100, 2.7.0.100]",
        "resolved": "2.7.0.100",
        "contentHash": "p5chWsc6Qbo8ckEKwrOkdG/cWfwNC7EsvrH1k56eTRJIUNVgPUFOBJonrJU0c5pPMAIUTxZLPxpnfad6w3VAtA=="
      },
      "ImageProcessor.Web": {
        "type": "Direct",
        "requested": "[4.10.0.100, 4.10.0.100]",
        "resolved": "4.10.0.100",
        "contentHash": "nqVn+18fyFLp59v0fnTcUSsEGHw+4ZW7UPYijD5SUilFDWeBi5WP7Z4pcSn7leTt0UAFXISWsycjmBY/6sQv/Q=="
      },
      "ImageProcessor.Web.Config": {
        "type": "Direct",
        "requested": "[2.5.0.100, 2.5.0.100]",
        "resolved": "2.5.0.100",
        "contentHash": "KZo8yxYmePhFr5hce+/QW/PE5ssO8QRlN3CuH953w/AH4vI6dZqi9bFhH2jMAB8qg40z/dd/YLXBwzg0kpi7Uw=="
      },
      "LightInject": {
        "type": "Direct",
        "requested": "[5.4.0, 5.4.0]",
        "resolved": "5.4.0",
        "contentHash": "w4EjEhNqtzFb0qlScmpjA84Nuv4+OITNGfYCjDhJoLYyw+uagkrrth+e9Hgidv4bMzuNSlJpHPGTHx6DtE4Ixg=="
      },
      "LightInject.Annotation": {
        "type": "Direct",
        "requested": "[1.1.0, 1.1.0]",
        "resolved": "1.1.0",
        "contentHash": "sZZpnoBRo20Ul5i8Vn8NIjIpTqhzPCwcghhQ5R36iJobmEyPjIy3qiTSVL24Ax+6aYdz/v7Vz4m/35qCVjSk3w=="
      },
      "LightInject.Mvc": {
        "type": "Direct",
        "requested": "[2.0.0, 2.0.0]",
        "resolved": "2.0.0",
        "contentHash": "kMpzPnnBV8tQ1moY5hnJLJKa+sI4SbZheN8d+w9N9vkzO0K95fANBcF7GXvmEeh2G2CC2KMNmZZF9N5Sa0YRkA=="
      },
      "LightInject.Web": {
        "type": "Direct",
        "requested": "[2.0.0, 2.0.0]",
        "resolved": "2.0.0",
        "contentHash": "+re4VADlWBF1BgIeJOy8D0UTBCZqRELWD8y2OejKrgDr8moLDApydGfNpyJv0J4tG8tqR4LwU33yo5fU/+rkWA=="
      },
      "LightInject.WebApi": {
        "type": "Direct",
        "requested": "[2.0.0, 2.0.0]",
        "resolved": "2.0.0",
        "contentHash": "Ujdv0UfmKdr6coi/pyLAcIN1tUAPh4X2a7nhxQBlfnbcKW/iRcfqr/l5m3l05eCFnDRUCF6Wiskfi+eve5rVHw=="
      },
      "Lucene.Net": {
        "type": "Direct",
        "requested": "[3.0.3, 3.0.3]",
        "resolved": "3.0.3",
        "contentHash": "A/70q4eDcuuafQeDB9eaiDP9FQG7X29T4VIYRphS7Wk8kAM9gNcfVqYyd0H8BJ1BTpA5C1ORm9RzFn4BiNavrw=="
      },
      "Markdown": {
        "type": "Direct",
        "requested": "[2.2.1, 2.2.1]",
        "resolved": "2.2.1",
        "contentHash": "A6veXuFP1n50RbmFNtTgfHxnHmwMsgFLSCgS1xWbg5L8n5N6HFEksTlXocZ0LsmGW4leBzeLJd+BY7+g83zFJA=="
      },
      "Microsoft.AspNet.Identity.Core": {
        "type": "Direct",
        "requested": "[2.2.2, 2.2.2]",
        "resolved": "2.2.2",
        "contentHash": "aZoXAqqisAQlEdeMwcn204m7ErUeYXJuoZ4YqvV85OPeB0w8o8kW8Ww5o5ZTZFx3mrLmmtfWKjt4nLqfjzjXEw=="
      },
      "Microsoft.AspNet.Identity.Owin": {
        "type": "Direct",
        "requested": "[2.2.2, 2.2.2]",
        "resolved": "2.2.2",
        "contentHash": "oZ+whh1KqOmX/ODPy2gXmgDF3vq0bg1NX1Jsr07+DTtOn/3xh6PCPouNPMhNrVRHfe3E7zPdTUnagnHNr1zUXQ=="
      },
      "Microsoft.AspNet.Mvc": {
        "type": "Direct",
        "requested": "[5.2.7, 5.2.7]",
        "resolved": "5.2.7",
        "contentHash": "m3hUsn48k6Qb5El9A8naTwGTLCdSQKGSpGweqIfiVKltGJzAJJxuXvhhaQQtLCGg3i5V88iGjz0JG72/tlFKlg=="
      },
      "Microsoft.AspNet.Razor": {
        "type": "Direct",
        "requested": "[3.2.7, 3.2.7]",
        "resolved": "3.2.7",
        "contentHash": "BpWEZ+Ys7g9VAkbAfpG5jr5A1fKcmadCCXv3fYfps5YfTVABJIGV4uc9yvmXKxsNsjL+BzDld2gs+xtgT2gg1g=="
      },
      "Microsoft.AspNet.SignalR.Core": {
        "type": "Direct",
        "requested": "[2.4.0, 2.4.0]",
        "resolved": "2.4.0",
        "contentHash": "6bf1QhX+fdYO+kgS4gMhEkjM1/8/b3BrDOL6peSdRshLF23yic5yBPi/l55hXQVuELt4xgTkoUekSp/Wbd/lmw=="
      },
      "Microsoft.AspNet.WebApi": {
        "type": "Direct",
        "requested": "[5.2.7, 5.2.7]",
        "resolved": "5.2.7",
        "contentHash": "r+nQLBQ857hw8Mfb5hrlMwr0nb7BE1Fp12LsSIZ9g6NT/hTZj8CYUi2UREfywIsGPQ4EIx14oWp8QPRps/i5CA=="
      },
      "Microsoft.AspNet.WebApi.Client": {
        "type": "Direct",
        "requested": "[5.2.7, 5.2.7]",
        "resolved": "5.2.7",
        "contentHash": "/76fAHknzvFqbznS6Uj2sOyE9rJB3PltY+f53TH8dX9RiGhk02EhuFCWljSj5nnqKaTsmma8DFR50OGyQ4yJ1g=="
      },
      "Microsoft.AspNet.WebApi.Core": {
        "type": "Direct",
        "requested": "[5.2.7, 5.2.7]",
        "resolved": "5.2.7",
        "contentHash": "gM2QzApnHdy1FbKUJ/ROGJSm69P2G+HMoVd/t5Vq1O/zZ5TI4IKC9PX6nUfRt/NHgebZOIWHpB4/4K4inuy4yQ=="
      },
      "Microsoft.AspNet.WebApi.WebHost": {
        "type": "Direct",
        "requested": "[5.2.7, 5.2.7]",
        "resolved": "5.2.7",
        "contentHash": "m3TyD7R/cmbfXqkfgcnE0J/UEKklcPP5gsXR96//vLx2kTnsxuOqNlulJLl+Oto4fZMvhVPFZVR+KG9cLZM/PA=="
      },
      "Microsoft.AspNet.WebPages": {
        "type": "Direct",
        "requested": "[3.2.7, 3.2.7]",
        "resolved": "3.2.7",
        "contentHash": "2jwZFB7PvY+tbdz0ZP4iEo7gMrJxkCQUzoGLh6swUc6ZXl6DoKyDslmGcC/j9PFmJXCRMVIqtRorlPSMU2DuRA=="
      },
      "Microsoft.CodeDom.Providers.DotNetCompilerPlatform": {
        "type": "Direct",
        "requested": "[2.0.1, 2.0.1]",
        "resolved": "2.0.1",
        "contentHash": "pn7IMmDyYRwFE316nnMs27GmedPAnjmOfWalWTO+pJkt6JMwdNDQ3yNbWTYG+7zmUU8P4JxhODhXQygDNGvCWQ=="
      },
      "Microsoft.Extensions.DependencyInjection.Abstractions": {
        "type": "Direct",
        "requested": "[2.0.0, 2.0.0]",
        "resolved": "2.0.0",
        "contentHash": "eUdJ0Q/GfVyUJc0Jal5L1QZLceL78pvEM9wEKcHeI24KorqMDoVX+gWsMGLulQMfOwsUaPtkpQM2pFERTzSfSg=="
      },
      "Microsoft.IO.RecyclableMemoryStream": {
        "type": "Direct",
        "requested": "[1.2.2, 1.2.2]",
        "resolved": "1.2.2",
        "contentHash": "LA4RBTStohA0hAAs6oKchmIC5M5Mjd5MwfB7vbbl+312N5kXj8abTGOgwZy6ASJYLCiqiiK5kHS0hDGEgfkB8g=="
      },
      "Microsoft.Owin": {
        "type": "Direct",
        "requested": "[4.0.1, 4.0.1]",
        "resolved": "4.0.1",
        "contentHash": "J3v8nn9ABr5rm22EOyvndAP/gjP2AnhhfZuI2A7lTPO4+j27SpVv6P/Zs29+/AzSpC8qkE6GIe43vodPMF5DpA=="
      },
      "Microsoft.Owin.Host.SystemWeb": {
        "type": "Direct",
        "requested": "[4.0.1, 4.0.1]",
        "resolved": "4.0.1",
        "contentHash": "nf5v52w+wkmxjLw4RsWtOOwgbnLlWio94mKrsa61MpYIfhLHJ4ipn4QAGeaxcF46JutOwM+Ch0toU3gBK9eDRw=="
      },
      "Microsoft.Owin.Security": {
        "type": "Direct",
        "requested": "[4.0.1, 4.0.1]",
        "resolved": "4.0.1",
        "contentHash": "4VOvzEBlN+4OQIgsBYCt81cUjJ5ZbuUBZcf/LzqBT5KELskRA9zQ6z/qyh2NPIci8e0z+eJIAMHZTyNDf+QunQ=="
      },
      "Microsoft.Owin.Security.Cookies": {
        "type": "Direct",
        "requested": "[4.0.1, 4.0.1]",
        "resolved": "4.0.1",
        "contentHash": "RYY953l3IH9bLZV0Ti7ZXm9stoPr1IoplpFVM2Nd83zhNB85/4hNr5H8Bk5H3LZFb6Ba3O4mIBEYHXK0XcEEGw=="
      },
      "Microsoft.Owin.Security.OAuth": {
        "type": "Direct",
        "requested": "[4.0.1, 4.0.1]",
        "resolved": "4.0.1",
        "contentHash": "KhxNb81lYqbOnn6cad999pskXkEAwftRSd0MSYb6wAMpM5E8686VY4neEqqdKg60x96P/nAtlGPLqiyNimd9nw=="
      },
      "Microsoft.Web.Infrastructure": {
        "type": "Direct",
        "requested": "[1.0.0, 1.0.0]",
        "resolved": "1.0.0",
        "contentHash": "FNmvLn5m2LTU/Rs2KWVo0SIIh9Ek+U0ojex7xeDaSHw/zgEP77A8vY5cVWgUtBGS8MJfDGNn8rpXJWEIQaPwTg=="
      },
      "MiniProfiler": {
        "type": "Direct",
        "requested": "[4.0.138, 4.0.138]",
        "resolved": "4.0.138",
        "contentHash": "dGJUJBzzUUKs4VilVnI+OcCnSlRAn7HTZ1Kp8ECEU6Ui/NAs3T2dB5cdtxJ6K34AnGoPGO4HuJnSbJtWhK+Q0g=="
      },
      "MiniProfiler.Shared": {
        "type": "Direct",
        "requested": "[4.0.138, 4.0.138]",
        "resolved": "4.0.138",
        "contentHash": "KPV/bZhxfcj/P5Iwu3W93gYG88jRzLJi7b3N3snNJCJu+uqb0BRVZv9iwk/uPeYizkDuTHt9rGkGAsPw8YUu7Q=="
      },
      "Newtonsoft.Json": {
        "type": "Direct",
        "requested": "[12.0.1, 12.0.1]",
        "resolved": "12.0.1",
        "contentHash": "pBR3wCgYWZGiaZDYP+HHYnalVnPJlpP1q55qvVb+adrDHmFMDc1NAKio61xTwftK3Pw5h7TZJPJEEVMd6ty8rg=="
      },
      "NPoco": {
        "type": "Direct",
        "requested": "[3.9.4, 3.9.4]",
        "resolved": "3.9.4",
        "contentHash": "XnWlzHZnbGLRZmMmJJZFSzZFY+HUWaYEHAtwgBeEev0SOFA8Ng9ppX7Wc/kqnuz3LZamrWxfv1mOmcRIpe9nEg=="
      },
      "Owin": {
        "type": "Direct",
        "requested": "[1.0.0, 1.0.0]",
        "resolved": "1.0.0",
        "contentHash": "OseTFniKmyp76mEzOBwIKGBRS5eMoYNkMKaMXOpxx9jv88+b6mh1rSaw43vjBOItNhaLFG3d0a20PfHyibH5sw=="
      },
      "Semver": {
        "type": "Direct",
        "requested": "[2.0.4, 2.0.4]",
        "resolved": "2.0.4",
        "contentHash": "H52a9cgrh4hkVxv5y99L9vk2NBtJB3ids/yavTHUvC0pUl3EsWEZAJmjBPFSt7jDtn3Q04+Nhtfo0J2xvsnhZQ=="
      },
      "Serilog": {
        "type": "Direct",
        "requested": "[2.8.0, 2.8.0]",
        "resolved": "2.8.0",
        "contentHash": "zjuKXW5IQws43IHX7VY9nURsaCiBYh2kyJCWLJRSWrTsx/syBKHV8MibWe2A+QH3Er0AiwA+OJmO3DhFJDY1+A=="
      },
      "Serilog.Enrichers.Process": {
        "type": "Direct",
        "requested": "[2.0.1, 2.0.1]",
        "resolved": "2.0.1",
        "contentHash": "Qq7Gyz/LoC9jjZPutTfzfrBToEkPSdNLfhalLDxNa9JqCZY2wh+rGsZEEE/952zeqV9pzqzcEKAxuVZoBfl2Gw=="
      },
      "Serilog.Enrichers.Thread": {
        "type": "Direct",
        "requested": "[3.0.0, 3.0.0]",
        "resolved": "3.0.0",
        "contentHash": "wPt2ib3wj8UVw6Z7HUp1bE3YKeCPHyWesOw+5q3Pf7mBI7A12o/ng97M2D213ambgRLS9BJMNF0/MQTXtpqMjw=="
      },
      "Serilog.Filters.Expressions": {
        "type": "Direct",
        "requested": "[2.0.0, 2.0.0]",
        "resolved": "2.0.0",
        "contentHash": "JhD2uV1s3ixF4L2dSB7t7jV5OKG8AEQOYtfTqSVkNm9X/g6zr1uoGH62XhDfCzEbyd5fiB9Rv4IXm+8m98Ao9Q=="
      },
      "Serilog.Formatting.Compact": {
        "type": "Direct",
        "requested": "[1.0.0, 1.0.0]",
        "resolved": "1.0.0",
        "contentHash": "r3QYz02y7+B7Ng30hyJM929OJhem7SsJ4XDUE0Zfptj2MRiQfpPUb5f58juAFjp/TnNeSX2QNzZEnHwLeoJfHQ=="
      },
      "Serilog.Formatting.Compact.Reader": {
        "type": "Direct",
        "requested": "[1.0.3, 1.0.3]",
        "resolved": "1.0.3",
        "contentHash": "A3Hkm3FlPLnrJr0DM//Tg0o1dMVwMs84yqqwMYYMtdFxDQ3tWrMFyyXPaCe5VYUiYi/ELfc8FKlh0j47NNDhoA=="
      },
      "Serilog.Settings.AppSettings": {
        "type": "Direct",
        "requested": "[2.2.2, 2.2.2]",
        "resolved": "2.2.2",
        "contentHash": "2BcbEs9E14BVUHlkZjxGnILUTN/FiYn45k8NW5I9nrMELnBy9sCQ1L2SgJVGLlINUhzEVqE7aWE84UG7B0Qr0A=="
      },
      "Serilog.Sinks.Async": {
        "type": "Direct",
        "requested": "[1.3.0, 1.3.0]",
        "resolved": "1.3.0",
        "contentHash": "G45b5qzoFYDDGy1SQznNJDQA4mfUESslkWh9S5Y48egtSpZoMDrj5MWoiucEoiMCbza+GLoZk8edprPO7P0Atw=="
      },
      "Serilog.Sinks.File": {
        "type": "Direct",
        "requested": "[4.0.0, 4.0.0]",
        "resolved": "4.0.0",
        "contentHash": "vBj43RkAbeP1dzoPFR2+LfV5GevDRPDq6265JJBv223lMvT9rfdwe/S/I9ow7aZSLYKfw4qPDw6NW8YwjbDbvg=="
      },
      "Serilog.Sinks.Map": {
        "type": "Direct",
        "requested": "[1.0.0, 1.0.0]",
        "resolved": "1.0.0",
        "contentHash": "WkQ7FwK3c1mdba7KpZBF43Fc+wyNRpZHidhFixhoEtwnUq9SFCCFoW8rBNDg1cSMsb1OPtRBsLW223vkxKC5AQ=="
      },
      "SharpZipLib": {
        "type": "Direct",
        "requested": "[0.86.0, 0.86.0]",
        "resolved": "0.86.0",
        "contentHash": "5DbS1SlKLMi+WG00Cm0ueYf2oyXJrowETQk8nx96rmdjTuHsA3laPykGV7Sxi0R5Xxfx0Kh/EfacAZ1f6M7y/g=="
      },
      "Superpower": {
        "type": "Direct",
        "requested": "[2.0.0, 2.0.0]",
        "resolved": "2.0.0",
        "contentHash": "LvsFRxO7VJuUXiaIr3agLuTQTCVYtzgmGJ4BiNe4/DKplOMZ4pibpVSg1ON5zXdCci1jYNfRgQlNEKv0d0Kcog=="
      },
      "System.Diagnostics.DiagnosticSource": {
        "type": "Direct",
        "requested": "[4.4.1, 4.4.1]",
        "resolved": "4.4.1",
        "contentHash": "U/KcC19fyLsPN1GLmeU2zQq15MMVcPwMOYPADVo1+WIoJpvMHxrzvl+BLLZwTEZSneGwaPFZ0aWr0nJ7B7LSdA=="
      },
      "System.Threading.Tasks.Dataflow": {
        "type": "Direct",
        "requested": "[4.9.0, 4.9.0]",
        "resolved": "4.9.0",
        "contentHash": "dTS+3D/GtG2/Pvc3E5YzVvAa7aQJgLDlZDIzukMOJjYudVOQOUXEU68y6Zi3Nn/jqIeB5kOCwrGbQFAKHVzXEQ=="
      },
      "System.ValueTuple": {
        "type": "Direct",
        "requested": "[4.5.0, 4.5.0]",
        "resolved": "4.5.0",
        "contentHash": "okurQJO6NRE/apDIP23ajJ0hpiNmJ+f0BwOlB/cSqTLQlw5upkf+5+96+iG2Jw40G1fCVCyPz/FhIABUjMR+RQ=="
      },
      "Umbraco.SqlServerCE": {
        "type": "Direct",
        "requested": "[4.0.0.1, 4.0.0.1]",
        "resolved": "4.0.0.1",
        "contentHash": "ApeeERIumXC8inaXMF+v0IMikazEp6N6axPqdAVDF6mQoY6K4tlyB3/H9iTIInlUus1ixLtPFHBa+EDzsDF8ng=="
      },
      "UmbracoCms": {
        "type": "Direct",
        "requested": "[8.7.0, 8.7.0]",
        "resolved": "8.7.0",
        "contentHash": "19hihB3b16U63ugliF1wQWPQVZXDBeZOBcdIcTbcnUXMxaTqR08+KRnoMZeqCZ8pvj5emSzPujDBn/CraEg1xA=="
      },
      "UmbracoCms.Core": {
        "type": "Direct",
        "requested": "[8.7.0, 8.7.0]",
        "resolved": "8.7.0",
        "contentHash": "Do/8uf22aQFyrUv1U+zJ4MlXh5yaiEvSSSXr44XjgwREuL3CfoilpVUGxlZ5pr1fvpmQjoe8MwV1FW1s7aYm/Q=="
      },
      "UmbracoCms.Web": {
        "type": "Direct",
        "requested": "[8.7.0, 8.7.0]",
        "resolved": "8.7.0",
        "contentHash": "Ug2APCiQdOUXXb8NBMRmwU8D0SxNRX5K3aNRmk40XCryNHcBZl3mR2Sa6fMhtdgfA+RYflOH1KIUr+93LUCVXA=="
      }
    }
  }
}